
Microsoft Visual Studio Solution File, Format Version 12.00
# Visual Studio 15
VisualStudioVersion = 15.0.28307.421
MinimumVisualStudioVersion = 10.0.40219.1
Project("{FAE04EC0-301F-11D3-BF4B-00C04F79EFBC}") = "PortfolioUpdater", "PortfolioUpdater.csproj", "{245DBA52-7CE3-4442-AF1D-826A0318E62E}"
EndProject
Global
	GlobalSection(SolutionConfigurationPlatforms) = preSolution
		Debug|Any CPU = Debug|Any CPU
		Release|Any CPU = Release|Any CPU
	EndGlobalSection
	GlobalSection(ProjectConfigurationPlatforms) = postSolution
		{245DBA52-7CE3-4442-AF1D-826A0318E62E}.Debug|Any CPU.ActiveCfg = Debug|Any CPU
		{245DBA52-7CE3-4442-AF1D-826A0318E62E}.Debug|Any CPU.Build.0 = Debug|Any CPU
		{245DBA52-7CE3-4442-AF1D-826A0318E62E}.Release|Any CPU.ActiveCfg = Release|Any CPU
		{245DBA52-7CE3-4442-AF1D-826A0318E62E}.Release|Any CPU.Build.0 = Release|Any CPU
	EndGlobalSection
	GlobalSection(SolutionProperties) = preSolution
		HideSolutionNode = FALSE
	EndGlobalSection
	GlobalSection(ExtensibilityGlobals) = postSolution
		SolutionGuid = {574D14F5-7A4A-406A-991F-3F5C3D6B0464}
	EndGlobalSection
EndGlobal
